// !$*UTF8*$!
{
	archiveVersion = 1;
	classes = {
	};
	objectVersion = 56;
	objects = {

/* Begin PBXBuildFile section */
		B332B0212D6E365300BBF208 /* AppDelegate.swift in Sources */ = {isa = PBXBuildFile; fileRef = B332B0202D6E365300BBF208 /* AppDelegate.swift */; };
		B332B0232D6E365300BBF208 /* SceneDelegate.swift in Sources */ = {isa = PBXBuildFile; fileRef = B332B0222D6E365300BBF208 /* SceneDelegate.swift */; };
		B332B0252D6E365300BBF208 /* ViewController.swift in Sources */ = {isa = PBXBuildFile; fileRef = B332B0242D6E365300BBF208 /* ViewController.swift */; };
		B332B0282D6E365300BBF208 /* Main.storyboard in Resources */ = {isa = PBXBuildFile; fileRef = B332B0262D6E365300BBF208 /* Main.storyboard */; };
		B332B02A2D6E365500BBF208 /* Assets.xcassets in Resources */ = {isa = PBXBuildFile; fileRef = B332B0292D6E365500BBF208 /* Assets.xcassets */; };
		B332B02D2D6E365500BBF208 /* LaunchScreen.storyboard in Resources */ = {isa = PBXBuildFile; fileRef = B332B02B2D6E365500BBF208 /* LaunchScreen.storyboard */; };
		B332B0392D6E370100BBF208 /* Alamofire in Frameworks */ = {isa = PBXBuildFile; productRef = B332B0382D6E370100BBF208 /* Alamofire */; };
		B332B03B2D6E370100BBF208 /* AlamofireDynamic in Frameworks */ = {isa = PBXBuildFile; productRef = B332B03A2D6E370100BBF208 /* AlamofireDynamic */; };
		B332B03E2D6E374C00BBF208 /* FSCalendar in Frameworks */ = {isa = PBXBuildFile; productRef = B332B03D2D6E374C00BBF208 /* FSCalendar */; };
/* End PBXBuildFile section */

/* Begin PBXFileReference section */
		B332B01D2D6E365300BBF208 /* SwiftPackage_Dependency.app */ = {isa = PBXFileReference; explicitFileType = wrapper.application; includeInIndex = 0; path = SwiftPackage_Dependency.app; sourceTree = BUILT_PRODUCTS_DIR; };
		B332B0202D6E365300BBF208 /* AppDelegate.swift */ = {isa = PBXFileReference; lastKnownFileType = sourcecode.swift; path = AppDelegate.swift; sourceTree = "<group>"; };
		B332B0222D6E365300BBF208 /* SceneDelegate.swift */ = {isa = PBXFileReference; lastKnownFileType = sourcecode.swift; path = SceneDelegate.swift; sourceTree = "<group>"; };
		B332B0242D6E365300BBF208 /* ViewController.swift */ = {isa = PBXFileReference; lastKnownFileType = sourcecode.swift; path = ViewController.swift; sourceTree = "<group>"; };
		B332B0272D6E365300BBF208 /* Base */ = {isa = PBXFileReference; lastKnownFileType = file.storyboard; name = Base; path = Base.lproj/Main.storyboard; sourceTree = "<group>"; };
		B332B0292D6E365500BBF208 /* Assets.xcassets */ = {isa = PBXFileReference; lastKnownFileType = folder.assetcatalog; path = Assets.xcassets; sourceTree = "<group>"; };
		B332B02C2D6E365500BBF208 /* Base */ = {isa = PBXFileReference; lastKnownFileType = file.storyboard; name = Base; path = Base.lproj/LaunchScreen.storyboard; sourceTree = "<group>"; };
		B332B02E2D6E365500BBF208 /* Info.plist */ = {isa = PBXFileReference; lastKnownFileType = text.plist.xml; path = Info.plist; sourceTree = "<group>"; };
/* End PBXFileReference section */

/* Begin PBXFrameworksBuildPhase section */
		B332B01A2D6E365300BBF208 /* Frameworks */ = {
			isa = PBXFrameworksBuildPhase;
			buildActionMask = 2147483647;
			files = (
				B332B03B2D6E370100BBF208 /* AlamofireDynamic in Frameworks */,
				B332B03E2D6E374C00BBF208 /* FSCalendar in Frameworks */,
				B332B0392D6E370100BBF208 /* Alamofire in Frameworks */,
			);
			runOnlyForDeploymentPostprocessing = 0;
		};
/* End PBXFrameworksBuildPhase section */

/* Begin PBXGroup section */
		B332B0142D6E365300BBF208 = {
			isa = PBXGroup;
			children = (
				B332B01F2D6E365300BBF208 /* SwiftPackage_Dependency */,
				B332B01E2D6E365300BBF208 /* Products */,
			);
			sourceTree = "<group>";
		};
		B332B01E2D6E365300BBF208 /* Products */ = {
			isa = PBXGroup;
			children = (
				B332B01D2D6E365300BBF208 /* SwiftPackage_Dependency.app */,
			);
			name = Products;
			sourceTree = "<group>";
		};
		B332B01F2D6E365300BBF208 /* SwiftPackage_Dependency */ = {
			isa = PBXGroup;
			children = (
				B332B0202D6E365300BBF208 /* AppDelegate.swift */,
				B332B0222D6E365300BBF208 /* SceneDelegate.swift */,
				B332B0242D6E365300BBF208 /* ViewController.swift */,
				B332B0262D6E365300BBF208 /* Main.storyboard */,
				B332B0292D6E365500BBF208 /* Assets.xcassets */,
				B332B02B2D6E365500BBF208 /* LaunchScreen.storyboard */,
				B332B02E2D6E365500BBF208 /* Info.plist */,
			);
			path = SwiftPackage_Dependency;
			sourceTree = "<group>";
		};
/* End PBXGroup section */

/* Begin PBXNativeTarget section */
		B332B01C2D6E365300BBF208 /* SwiftPackage_Dependency */ = {
			isa = PBXNativeTarget;
			buildConfigurationList = B332B0312D6E365500BBF208 /* Build configuration list for PBXNativeTarget "SwiftPackage_Dependency" */;
			buildPhases = (
				B332B0192D6E365300BBF208 /* Sources */,
				B332B01A2D6E365300BBF208 /* Frameworks */,
				B332B01B2D6E365300BBF208 /* Resources */,
			);
			buildRules = (
			);
			dependencies = (
			);
			name = SwiftPackage_Dependency;
			packageProductDependencies = (
				B332B0382D6E370100BBF208 /* Alamofire */,
				B332B03A2D6E370100BBF208 /* AlamofireDynamic */,
				B332B03D2D6E374C00BBF208 /* FSCalendar */,
			);
			productName = SwiftPackage_Dependency;
			productReference = B332B01D2D6E365300BBF208 /* SwiftPackage_Dependency.app */;
			productType = "com.apple.product-type.application";
		};
/* End PBXNativeTarget section */

/* Begin PBXProject section */
		B332B0152D6E365300BBF208 /* Project object */ = {
			isa = PBXProject;
			attributes = {
				BuildIndependentTargetsInParallel = 1;
				LastSwiftUpdateCheck = 1520;
				LastUpgradeCheck = 1520;
				TargetAttributes = {
					B332B01C2D6E365300BBF208 = {
						CreatedOnToolsVersion = 15.2;
					};
				};
			};
			buildConfigurationList = B332B0182D6E365300BBF208 /* Build configuration list for PBXProject "SwiftPackage_Dependency" */;
			compatibilityVersion = "Xcode 14.0";
			developmentRegion = en;
			hasScannedForEncodings = 0;
			knownRegions = (
				en,
				Base,
			);
			mainGroup = B332B0142D6E365300BBF208;
			packageReferences = (
				B332B0372D6E370100BBF208 /* XCRemoteSwiftPackageReference "Alamofire" */,
				B332B03C2D6E374C00BBF208 /* XCRemoteSwiftPackageReference "FSCalendar" */,
			);
			productRefGroup = B332B01E2D6E365300BBF208 /* Products */;
			projectDirPath = "";
			projectRoot = "";
			targets = (
				B332B01C2D6E365300BBF208 /* SwiftPackage_Dependency */,
			);
		};
/* End PBXProject section */

/* Begin PBXResourcesBuildPhase section */
		B332B01B2D6E365300BBF208 /* Resources */ = {
			isa = PBXResourcesBuildPhase;
			buildActionMask = 2147483647;
			files = (
				B332B02D2D6E365500BBF208 /* LaunchScreen.storyboard in Resources */,
				B332B02A2D6E365500BBF208 /* Assets.xcassets in Resources */,
				B332B0282D6E365300BBF208 /* Main.storyboard in Resources */,
			);
			runOnlyForDeploymentPostprocessing = 0;
		};
/* End PBXResourcesBuildPhase section */

/* Begin PBXSourcesBuildPhase section */
		B332B0192D6E365300BBF208 /* Sources */ = {
			isa = PBXSourcesBuildPhase;
			buildActionMask = 2147483647;
			files = (
				B332B0252D6E365300BBF208 /* ViewController.swift in Sources */,
				B332B0212D6E365300BBF208 /* AppDelegate.swift in Sources */,
				B332B0232D6E365300BBF208 /* SceneDelegate.swift in Sources */,
			);
			runOnlyForDeploymentPostprocessing = 0;
		};
/* End PBXSourcesBuildPhase section */

/* Begin PBXVariantGroup section */
		B332B0262D6E365300BBF208 /* Main.storyboard */ = {
			isa = PBXVariantGroup;
			children = (
				B332B0272D6E365300BBF208 /* Base */,
			);
			name = Main.storyboard;
			sourceTree = "<group>";
		};
		B332B02B2D6E365500BBF208 /* LaunchScreen.storyboard */ = {
			isa = PBXVariantGroup;
			children = (
				B332B02C2D6E365500BBF208 /* Base */,
			);
			name = LaunchScreen.storyboard;
			sourceTree = "<group>";
		};
/* End PBXVariantGroup section */

/* Begin XCBuildConfiguration section */
		B332B02F2D6E365500BBF208 /* Debug */ = {
			isa = XCBuildConfiguration;
			buildSettings = {
				ALWAYS_SEARCH_USER_PATHS = NO;
				ASSETCATALOG_COMPILER_GENERATE_SWIFT_ASSET_SYMBOL_EXTENSIONS = YES;
				CLANG_ANALYZER_NONNULL = YES;
				CLANG_ANALYZER_NUMBER_OBJECT_CONVERSION = YES_AGGRESSIVE;
				CLANG_CXX_LANGUAGE_STANDARD = "gnu++20";
				CLANG_ENABLE_MODULES = YES;
				CLANG_ENABLE_OBJC_ARC = YES;
				CLANG_ENABLE_OBJC_WEAK = YES;
				CLANG_WARN_BLOCK_CAPTURE_AUTORELEASING = YES;
				CLANG_WARN_BOOL_CONVERSION = YES;
				CLANG_WARN_COMMA = YES;
				CLANG_WARN_CONSTANT_CONVERSION = YES;
				CLANG_WARN_DEPRECATED_OBJC_IMPLEMENTATIONS = YES;
				CLANG_WARN_DIRECT_OBJC_ISA_USAGE = YES_ERROR;
				CLANG_WARN_DOCUMENTATION_COMMENTS = YES;
				CLANG_WARN_EMPTY_BODY = YES;
				CLANG_WARN_ENUM_CONVERSION = YES;
				CLANG_WARN_INFINITE_RECURSION = YES;
				CLANG_WARN_INT_CONVERSION = YES;
				CLANG_WARN_NON_LITERAL_NULL_CONVERSION = YES;
				CLANG_WARN_OBJC_IMPLICIT_RETAIN_SELF = YES;
				CLANG_WARN_OBJC_LITERAL_CONVERSION = YES;
				CLANG_WARN_OBJC_ROOT_CLASS = YES_ERROR;
				CLANG_WARN_QUOTED_INCLUDE_IN_FRAMEWORK_HEADER = YES;
				CLANG_WARN_RANGE_LOOP_ANALYSIS = YES;
				CLANG_WARN_STRICT_PROTOTYPES = YES;
				CLANG_WARN_SUSPICIOUS_MOVE = YES;
				CLANG_WARN_UNGUARDED_AVAILABILITY = YES_AGGRESSIVE;
				CLANG_WARN_UNREACHABLE_CODE = YES;
				CLANG_WARN__DUPLICATE_METHOD_MATCH = YES;
				COPY_PHASE_STRIP = NO;
				DEBUG_INFORMATION_FORMAT = dwarf;
				ENABLE_STRICT_OBJC_MSGSEND = YES;
				ENABLE_TESTABILITY = YES;
				ENABLE_USER_SCRIPT_SANDBOXING = YES;
				GCC_C_LANGUAGE_STANDARD = gnu17;
				GCC_DYNAMIC_NO_PIC = NO;
				GCC_NO_COMMON_BLOCKS = YES;
				GCC_OPTIMIZATION_LEVEL = 0;
				GCC_PREPROCESSOR_DEFINITIONS = (
					"DEBUG=1",
					"$(inherited)",
				);
				GCC_WARN_64_TO_32_BIT_CONVERSION = YES;
				GCC_WARN_ABOUT_RETURN_TYPE = YES_ERROR;
				GCC_WARN_UNDECLARED_SELECTOR = YES;
				GCC_WARN_UNINITIALIZED_AUTOS = YES_AGGRESSIVE;
				GCC_WARN_UNUSED_FUNCTION = YES;
				GCC_WARN_UNUSED_VARIABLE = YES;
				IPHONEOS_DEPLOYMENT_TARGET = 17.2;
				LOCALIZATION_PREFERS_STRING_CATALOGS = YES;
				MTL_ENABLE_DEBUG_INFO = INCLUDE_SOURCE;
				MTL_FAST_MATH = YES;
				ONLY_ACTIVE_ARCH = YES;
				SDKROOT = iphoneos;
				SWIFT_ACTIVE_COMPILATION_CONDITIONS = "DEBUG $(inherited)";
				SWIFT_OPTIMIZATION_LEVEL = "-Onone";
			};
			name = Debug;
		};
		B332B0302D6E365500BBF208 /* Release */ = {
			isa = XCBuildConfiguration;
			buildSettings = {
				ALWAYS_SEARCH_USER_PATHS = NO;
				ASSETCATALOG_COMPILER_GENERATE_SWIFT_ASSET_SYMBOL_EXTENSIONS = YES;
				CLANG_ANALYZER_NONNULL = YES;
				CLANG_ANALYZER_NUMBER_OBJECT_CONVERSION = YES_AGGRESSIVE;
				CLANG_CXX_LANGUAGE_STANDARD = "gnu++20";
				CLANG_ENABLE_MODULES = YES;
				CLANG_ENABLE_OBJC_ARC = YES;
				CLANG_ENABLE_OBJC_WEAK = YES;
				CLANG_WARN_BLOCK_CAPTURE_AUTORELEASING = YES;
				CLANG_WARN_BOOL_CONVERSION = YES;
				CLANG_WARN_COMMA = YES;
				CLANG_WARN_CONSTANT_CONVERSION = YES;
				CLANG_WARN_DEPRECATED_OBJC_IMPLEMENTATIONS = YES;
				CLANG_WARN_DIRECT_OBJC_ISA_USAGE = YES_ERROR;
				CLANG_WARN_DOCUMENTATION_COMMENTS = YES;
				CLANG_WARN_EMPTY_BODY = YES;
				CLANG_WARN_ENUM_CONVERSION = YES;
				CLANG_WARN_INFINITE_RECURSION = YES;
				CLANG_WARN_INT_CONVERSION = YES;
				CLANG_WARN_NON_LITERAL_NULL_CONVERSION = YES;
				CLANG_WARN_OBJC_IMPLICIT_RETAIN_SELF = YES;
				CLANG_WARN_OBJC_LITERAL_CONVERSION = YES;
				CLANG_WARN_OBJC_ROOT_CLASS = YES_ERROR;
				CLANG_WARN_QUOTED_INCLUDE_IN_FRAMEWORK_HEADER = YES;
				CLANG_WARN_RANGE_LOOP_ANALYSIS = YES;
				CLANG_WARN_STRICT_PROTOTYPES = YES;
				CLANG_WARN_SUSPICIOUS_MOVE = YES;
				CLANG_WARN_UNGUARDED_AVAILABILITY = YES_AGGRESSIVE;
				CLANG_WARN_UNREACHABLE_CODE = YES;
				CLANG_WARN__DUPLICATE_METHOD_MATCH = YES;
				COPY_PHASE_STRIP = NO;
				DEBUG_INFORMATION_FORMAT = "dwarf-with-dsym";
				ENABLE_NS_ASSERTIONS = NO;
				ENABLE_STRICT_OBJC_MSGSEND = YES;
				ENABLE_USER_SCRIPT_SANDBOXING = YES;
				GCC_C_LANGUAGE_STANDARD = gnu17;
				GCC_NO_COMMON_BLOCKS = YES;
				GCC_WARN_64_TO_32_BIT_CONVERSION = YES;
				GCC_WARN_ABOUT_RETURN_TYPE = YES_ERROR;
				GCC_WARN_UNDECLARED_SELECTOR = YES;
				GCC_WARN_UNINITIALIZED_AUTOS = YES_AGGRESSIVE;
				GCC_WARN_UNUSED_FUNCTION = YES;
				GCC_WARN_UNUSED_VARIABLE = YES;
				IPHONEOS_DEPLOYMENT_TARGET = 17.2;
				LOCALIZATION_PREFERS_STRING_CATALOGS = YES;
				MTL_ENABLE_DEBUG_INFO = NO;
				MTL_FAST_MATH = YES;
				SDKROOT = iphoneos;
				SWIFT_COMPILATION_MODE = wholemodule;
				VALIDATE_PRODUCT = YES;
			};
			name = Release;
		};
		B332B0322D6E365500BBF208 /* Debug */ = {
			isa = XCBuildConfiguration;
			buildSettings = {
				ASSETCATALOG_COMPILER_APPICON_NAME = AppIcon;
				ASSETCATALOG_COMPILER_GLOBAL_ACCENT_COLOR_NAME = AccentColor;
				CODE_SIGN_STYLE = Automatic;
				CURRENT_PROJECT_VERSION = 1;
				GENERATE_INFOPLIST_FILE = YES;
				INFOPLIST_FILE = SwiftPackage_Dependency/Info.plist;
				INFOPLIST_KEY_UIApplicationSupportsIndirectInputEvents = YES;
				INFOPLIST_KEY_UILaunchStoryboardName = LaunchScreen;
				INFOPLIST_KEY_UIMainStoryboardFile = Main;
				INFOPLIST_KEY_UISupportedInterfaceOrientations_iPad = "UIInterfaceOrientationPortrait UIInterfaceOrientationPortraitUpsideDown UIInterfaceOrientationLandscapeLeft UIInterfaceOrientationLandscapeRight";
				INFOPLIST_KEY_UISupportedInterfaceOrientations_iPhone = "UIInterfaceOrientationPortrait UIInterfaceOrientationLandscapeLeft UIInterfaceOrientationLandscapeRight";
				LD_RUNPATH_SEARCH_PATHS = (
					"$(inherited)",
					"@executable_path/Frameworks",
				);
				MARKETING_VERSION = 1.0;
				PRODUCT_BUNDLE_IDENTIFIER = "com.demo.com.SwiftPackage-Dependency";
				PRODUCT_NAME = "$(TARGET_NAME)";
				SWIFT_EMIT_LOC_STRINGS = YES;
				SWIFT_VERSION = 5.0;
				TARGETED_DEVICE_FAMILY = "1,2";
			};
			name = Debug;
		};
		B332B0332D6E365500BBF208 /* Release */ = {
			isa = XCBuildConfiguration;
			buildSettings = {
				ASSETCATALOG_COMPILER_APPICON_NAME = AppIcon;
				ASSETCATALOG_COMPILER_GLOBAL_ACCENT_COLOR_NAME = AccentColor;
				CODE_SIGN_STYLE = Automatic;
				CURRENT_PROJECT_VERSION = 1;
				GENERATE_INFOPLIST_FILE = YES;
				INFOPLIST_FILE = SwiftPackage_Dependency/Info.plist;
				INFOPLIST_KEY_UIApplicationSupportsIndirectInputEvents = YES;
				INFOPLIST_KEY_UILaunchStoryboardName = LaunchScreen;
				INFOPLIST_KEY_UIMainStoryboardFile = Main;
				INFOPLIST_KEY_UISupportedInterfaceOrientations_iPad = "UIInterfaceOrientationPortrait UIInterfaceOrientationPortraitUpsideDown UIInterfaceOrientationLandscapeLeft UIInterfaceOrientationLandscapeRight";
				INFOPLIST_KEY_UISupportedInterfaceOrientations_iPhone = "UIInterfaceOrientationPortrait UIInterfaceOrientationLandscapeLeft UIInterfaceOrientationLandscapeRight";
				LD_RUNPATH_SEARCH_PATHS = (
					"$(inherited)",
					"@executable_path/Frameworks",
				);
				MARKETING_VERSION = 1.0;
				PRODUCT_BUNDLE_IDENTIFIER = "com.demo.com.SwiftPackage-Dependency";
				PRODUCT_NAME = "$(TARGET_NAME)";
				SWIFT_EMIT_LOC_STRINGS = YES;
				SWIFT_VERSION = 5.0;
				TARGETED_DEVICE_FAMILY = "1,2";
			};
			name = Release;
		};
/* End XCBuildConfiguration section */

/* Begin XCConfigurationList section */
		B332B0182D6E365300BBF208 /* Build configuration list for PBXProject "SwiftPackage_Dependency" */ = {
			isa = XCConfigurationList;
			buildConfigurations = (
				B332B02F2D6E365500BBF208 /* Debug */,
				B332B0302D6E365500BBF208 /* Release */,
			);
			defaultConfigurationIsVisible = 0;
			defaultConfigurationName = Release;
		};
		B332B0312D6E365500BBF208 /* Build configuration list for PBXNativeTarget "SwiftPackage_Dependency" */ = {
			isa = XCConfigurationList;
			buildConfigurations = (
				B332B0322D6E365500BBF208 /* Debug */,
				B332B0332D6E365500BBF208 /* Release */,
			);
			defaultConfigurationIsVisible = 0;
			defaultConfigurationName = Release;
		};
/* End XCConfigurationList section */

/* Begin XCRemoteSwiftPackageReference section */
		B332B0372D6E370100BBF208 /* XCRemoteSwiftPackageReference "Alamofire" */ = {
			isa = XCRemoteSwiftPackageReference;
			repositoryURL = "https://github.com/Alamofire/Alamofire.git";
			requirement = {
				kind = exactVersion;
				version = 5.10.1;
			};
		};
		B332B03C2D6E374C00BBF208 /* XCRemoteSwiftPackageReference "FSCalendar" */ = {
			isa = XCRemoteSwiftPackageReference;
			repositoryURL = "https://github.com/WenchaoD/FSCalendar.git";
			requirement = {
				kind = exactVersion;
				version = 2.8.3;
			};
		};
/* End XCRemoteSwiftPackageReference section */

/* Begin XCSwiftPackageProductDependency section */
		B332B0382D6E370100BBF208 /* Alamofire */ = {
			isa = XCSwiftPackageProductDependency;
			package = B332B0372D6E370100BBF208 /* XCRemoteSwiftPackageReference "Alamofire" */;
			productName = Alamofire;
		};
		B332B03A2D6E370100BBF208 /* AlamofireDynamic */ = {
			isa = XCSwiftPackageProductDependency;
			package = B332B0372D6E370100BBF208 /* XCRemoteSwiftPackageReference "Alamofire" */;
			productName = AlamofireDynamic;
		};
		B332B03D2D6E374C00BBF208 /* FSCalendar */ = {
			isa = XCSwiftPackageProductDependency;
			package = B332B03C2D6E374C00BBF208 /* XCRemoteSwiftPackageReference "FSCalendar" */;
			productName = FSCalendar;
		};
/* End XCSwiftPackageProductDependency section */
	};
	rootObject = B332B0152D6E365300BBF208 /* Project object */;
}
